
Microsoft Visual Studio Solution File, Format Version 12.00
# Visual Studio Version 17
VisualStudioVersion = 17.14.37628.2 d17.14
MinimumVisualStudioVersion = 10.0.40219.1
Project("{FAE04EC0-301F-11D3-BF4B-00C04F79EFBC}") = "Royalwathes", "Royalwathes\Royalwathes.csproj", "{6147857B-4BE4-46C6-9CB8-B71F11404998}"
EndProject
Global
	GlobalSection(SolutionConfigurationPlatforms) = preSolution
		Debug|Any CPU = Debug|Any CPU
		Release|Any CPU = Release|Any CPU
	EndGlobalSection
	GlobalSection(ProjectConfigurationPlatforms) = postSolution
		{6147857B-4BE4-46C6-9CB8-B71F11404998}.Debug|Any CPU.ActiveCfg = Debug|Any CPU
		{6147857B-4BE4-46C6-9CB8-B71F11404998}.Debug|Any CPU.Build.0 = Debug|Any CPU
		{6147857B-4BE4-46C6-9CB8-B71F11404998}.Release|Any CPU.ActiveCfg = Release|Any CPU
		{6147857B-4BE4-46C6-9CB8-B71F11404998}.Release|Any CPU.Build.0 = Release|Any CPU
	EndGlobalSection
	GlobalSection(SolutionProperties) = preSolution
		HideSolutionNode = FALSE
	EndGlobalSection
	GlobalSection(ExtensibilityGlobals) = postSolution
		SolutionGuid = {56754F12-3FBD-4A07-85B7-720C53EE70D7}
	EndGlobalSection
EndGlobal
